
Microsoft Visual Studio Solution File, Format Version 12.00
# Visual Studio Version 16
VisualStudioVersion = 16.0.30804.86
MinimumVisualStudioVersion = 10.0.40219.1
Project("{FAE04EC0-301F-11D3-BF4B-00C04F79EFBC}") = "Behave", "Behave\Behave.csproj", "{EBBAFF03-71A1-4646-8042-05FF853462A5}"
EndProject
Project("{FAE04EC0-301F-11D3-BF4B-00C04F79EFBC}") = "Behave.Toolkit", "Behave.Toolkit\Behave.Toolkit.csproj", "{5BFF5098-F269-4CFB-8AF4-0FDC5904E47F}"
EndProject
Global
	GlobalSection(SolutionConfigurationPlatforms) = preSolution
		Debug|Any CPU = Debug|Any CPU
		Release|Any CPU = Release|Any CPU
	EndGlobalSection
	GlobalSection(ProjectConfigurationPlatforms) = postSolution
		{EBBAFF03-71A1-4646-8042-05FF853462A5}.Debug|Any CPU.ActiveCfg = Debug|Any CPU
		{EBBAFF03-71A1-4646-8042-05FF853462A5}.Debug|Any CPU.Build.0 = Debug|Any CPU
		{EBBAFF03-71A1-4646-8042-05FF853462A5}.Release|Any CPU.ActiveCfg = Release|Any CPU
		{EBBAFF03-71A1-4646-8042-05FF853462A5}.Release|Any CPU.Build.0 = Release|Any CPU
		{5BFF5098-F269-4CFB-8AF4-0FDC5904E47F}.Debug|Any CPU.ActiveCfg = Debug|Any CPU
		{5BFF5098-F269-4CFB-8AF4-0FDC5904E47F}.Debug|Any CPU.Build.0 = Debug|Any CPU
		{5BFF5098-F269-4CFB-8AF4-0FDC5904E47F}.Release|Any CPU.ActiveCfg = Release|Any CPU
		{5BFF5098-F269-4CFB-8AF4-0FDC5904E47F}.Release|Any CPU.Build.0 = Release|Any CPU
	EndGlobalSection
	GlobalSection(SolutionProperties) = preSolution
		HideSolutionNode = FALSE
	EndGlobalSection
	GlobalSection(ExtensibilityGlobals) = postSolution
		SolutionGuid = {2BDE4939-591B-44B4-B9A4-37288F839D20}
	EndGlobalSection
EndGlobal
